{
  "name": "@jdboivin/cli",
  "version": "0.0.1",
  "lockfileVersion": 3,
  "requires": true,
  "packages": {
    "": {
      "name": "@jdboivin/cli",
      "version": "0.0.1",
      "hasInstallScript": true,
      "license": "MIT",
      "dependencies": {
        "@devcontainers/cli": "^0.55.0"
      },
      "bin": {
        "jd": "bin/jd"
      },
      "engines": {
        "node": ">=14.0.0",
        "npm": ">=6.0.0"
      }
    },
    "node_modules/@devcontainers/cli": {
      "version": "0.55.0",
      "resolved": "https://registry.npmjs.org/@devcontainers/cli/-/cli-0.55.0.tgz",
      "integrity": "sha512-U7wCt82wT3kB88dNCibUZiMfS8fw5T3iXHhqnss7d0oJsU5H42RwU4VgiT/Gx+xr+bGTReDWvw/zudsynyHozQ==",
      "license": "MIT",
      "bin": {
        "devcontainer": "devcontainer.js"
      },
      "engines": {
        "node": "^16.13.0 || >=18.0.0"
      }
    }
  }
}
